{
  "name": "resources",
  "lockfileVersion": 3,
  "requires": true,
  "packages": {
    "": {
      "dependencies": {
        "@citizenfx/client": "^2.0.6576-1",
        "@citizenfx/server": "^2.0.6576-1"
      }
    },
    "node_modules/@citizenfx/client": {
      "version": "2.0.6576-1",
      "resolved": "https://registry.npmjs.org/@citizenfx/client/-/client-2.0.6576-1.tgz",
      "integrity": "sha512-Y689ORHLojXkktJX6Q2eL3Ii4sRvYExdZ/58tvNKQ0uPga9HJyc4bzZf0/y2/AjPuWJ4YdPAhYJONCUoYXAZUQ=="
    },
    "node_modules/@citizenfx/server": {
      "version": "2.0.6576-1",
      "resolved": "https://registry.npmjs.org/@citizenfx/server/-/server-2.0.6576-1.tgz",
      "integrity": "sha512-/w4s5EM2rToBm6k9HYboOY1jNf7QFdc1cFBSEZ2LN5k6J1WY9WM/Ir2NQ8FnITsqCP2qmvlK2d4+IIcctyCiGw=="
    }
  }
}
